
Microsoft Visual Studio Solution File, Format Version 12.00
# Visual Studio Version 17
VisualStudioVersion = 17.6.33815.320
MinimumVisualStudioVersion = 10.0.40219.1
Project("{9A19103F-16F7-4668-BE54-9A1E7A4F7556}") = "PaymentContext.Domain", "PaymentContext.Domain\PaymentContext.Domain.csproj", "{88540335-64B9-4179-B2C5-BBBEDBAD4B96}"
	ProjectSection(ProjectDependencies) = postProject
		{96C2EEB7-8279-4BFE-B8C5-D3907E6204ED} = {96C2EEB7-8279-4BFE-B8C5-D3907E6204ED}
	EndProjectSection
EndProject
Project("{9A19103F-16F7-4668-BE54-9A1E7A4F7556}") = "PaymentContext.Shared", "PaymentContext.Shared\PaymentContext.Shared.csproj", "{96C2EEB7-8279-4BFE-B8C5-D3907E6204ED}"
EndProject
Project("{9A19103F-16F7-4668-BE54-9A1E7A4F7556}") = "PaymentContext.Tests", "PaymentContext.Tests\PaymentContext.Tests.csproj", "{0D6D56D6-C0B8-4C7E-8231-D73834E2937E}"
	ProjectSection(ProjectDependencies) = postProject
		{88540335-64B9-4179-B2C5-BBBEDBAD4B96} = {88540335-64B9-4179-B2C5-BBBEDBAD4B96}
		{96C2EEB7-8279-4BFE-B8C5-D3907E6204ED} = {96C2EEB7-8279-4BFE-B8C5-D3907E6204ED}
	EndProjectSection
EndProject
Global
	GlobalSection(SolutionConfigurationPlatforms) = preSolution
		Debug|Any CPU = Debug|Any CPU
		Release|Any CPU = Release|Any CPU
	EndGlobalSection
	GlobalSection(ProjectConfigurationPlatforms) = postSolution
		{88540335-64B9-4179-B2C5-BBBEDBAD4B96}.Debug|Any CPU.ActiveCfg = Debug|Any CPU
		{88540335-64B9-4179-B2C5-BBBEDBAD4B96}.Debug|Any CPU.Build.0 = Debug|Any CPU
		{88540335-64B9-4179-B2C5-BBBEDBAD4B96}.Release|Any CPU.ActiveCfg = Release|Any CPU
		{88540335-64B9-4179-B2C5-BBBEDBAD4B96}.Release|Any CPU.Build.0 = Release|Any CPU
		{96C2EEB7-8279-4BFE-B8C5-D3907E6204ED}.Debug|Any CPU.ActiveCfg = Debug|Any CPU
		{96C2EEB7-8279-4BFE-B8C5-D3907E6204ED}.Debug|Any CPU.Build.0 = Debug|Any CPU
		{96C2EEB7-8279-4BFE-B8C5-D3907E6204ED}.Release|Any CPU.ActiveCfg = Release|Any CPU
		{96C2EEB7-8279-4BFE-B8C5-D3907E6204ED}.Release|Any CPU.Build.0 = Release|Any CPU
		{0D6D56D6-C0B8-4C7E-8231-D73834E2937E}.Debug|Any CPU.ActiveCfg = Debug|Any CPU
		{0D6D56D6-C0B8-4C7E-8231-D73834E2937E}.Debug|Any CPU.Build.0 = Debug|Any CPU
		{0D6D56D6-C0B8-4C7E-8231-D73834E2937E}.Release|Any CPU.ActiveCfg = Release|Any CPU
		{0D6D56D6-C0B8-4C7E-8231-D73834E2937E}.Release|Any CPU.Build.0 = Release|Any CPU
	EndGlobalSection
	GlobalSection(SolutionProperties) = preSolution
		HideSolutionNode = FALSE
	EndGlobalSection
	GlobalSection(ExtensibilityGlobals) = postSolution
		SolutionGuid = {8388846E-2971-4E2A-88CE-5E298C031D6A}
	EndGlobalSection
EndGlobal
